
Microsoft Visual Studio Solution File, Format Version 12.00
# Visual Studio Version 17
VisualStudioVersion = 17.6.33723.286
MinimumVisualStudioVersion = 10.0.40219.1
Project("{FAE04EC0-301F-11D3-BF4B-00C04F79EFBC}") = "tsk3", "tsk3\tsk3.csproj", "{9055B541-9349-45A2-8959-CF8A9B5E5BB3}"
EndProject
Global
	GlobalSection(SolutionConfigurationPlatforms) = preSolution
		Debug|Any CPU = Debug|Any CPU
		Release|Any CPU = Release|Any CPU
	EndGlobalSection
	GlobalSection(ProjectConfigurationPlatforms) = postSolution
		{9055B541-9349-45A2-8959-CF8A9B5E5BB3}.Debug|Any CPU.ActiveCfg = Debug|Any CPU
		{9055B541-9349-45A2-8959-CF8A9B5E5BB3}.Debug|Any CPU.Build.0 = Debug|Any CPU
		{9055B541-9349-45A2-8959-CF8A9B5E5BB3}.Release|Any CPU.ActiveCfg = Release|Any CPU
		{9055B541-9349-45A2-8959-CF8A9B5E5BB3}.Release|Any CPU.Build.0 = Release|Any CPU
	EndGlobalSection
	GlobalSection(SolutionProperties) = preSolution
		HideSolutionNode = FALSE
	EndGlobalSection
	GlobalSection(ExtensibilityGlobals) = postSolution
		SolutionGuid = {6E179A3D-A35B-4B09-AD61-145C3BDE07CA}
	EndGlobalSection
EndGlobal
